{
  "version": 4,
  "terraform_version": "1.7.3",
  "serial": 1,
  "lineage": "7e9b30c6-e4e5-604d-d5bb-e0e9c691efe7",
  "outputs": {},
  "resources": [
    {
      "mode": "data",
      "type": "azurerm_subscription",
      "name": "current",
      "provider": "provider[\"registry.terraform.io/hashicorp/azurerm\"]",
      "instances": [
        {
          "schema_version": 0,
          "attributes": {
            "display_name": "My Personal Space",
            "id": "/subscriptions/e973a62f-daeb-425d-a499-ff0b1e7b6b0e",
            "location_placement_id": "Public_2014-09-01",
            "quota_id": "FreeTrial_2014-09-01",
            "spending_limit": "On",
            "state": "Enabled",
            "subscription_id": "e973a62f-daeb-425d-a499-ff0b1e7b6b0e",
            "tags": {},
            "tenant_id": "c91ad5b1-2363-46b7-a880-3f8bf11fdb95",
            "timeouts": null
          },
          "sensitive_attributes": []
        }
      ]
    },
    {
      "mode": "managed",
      "type": "azurerm_resource_group",
      "name": "main",
      "provider": "provider[\"registry.terraform.io/hashicorp/azurerm\"]",
      "instances": [
        {
          "schema_version": 0,
          "attributes": {
            "id": "/subscriptions/e973a62f-daeb-425d-a499-ff0b1e7b6b0e/resourceGroups/rg-k8s-dev-eastus2-1",
            "location": "eastus2",
            "managed_by": "",
            "name": "rg-k8s-dev-eastus2-1",
            "tags": null,
            "timeouts": null
          },
          "sensitive_attributes": [],
          "private": "eyJlMmJmYjczMC1lY2FhLTExZTYtOGY4OC0zNDM2M2JjN2M0YzAiOnsiY3JlYXRlIjo1NDAwMDAwMDAwMDAwLCJkZWxldGUiOjU0MDAwMDAwMDAwMDAsInJlYWQiOjMwMDAwMDAwMDAwMCwidXBkYXRlIjo1NDAwMDAwMDAwMDAwfX0="
        }
      ]
    }
  ],
  "check_results": null
}
